{
  "name": "serverless-project",
  "version": "1.0.0",
  "lockfileVersion": 2,
  "requires": true,
  "packages": {
    "": {
      "version": "1.0.0",
      "license": "ISC",
      "dependencies": {
        "@prismicio/client": "^5.1.0",
        "node-fetch": "^2.6.1",
        "prismic-dom": "^2.2.6"
      }
    },
    "node_modules/@prismicio/client": {
      "version": "5.1.0",
      "resolved": "https://registry.npmjs.org/@prismicio/client/-/client-5.1.0.tgz",
      "integrity": "sha512-LCb+arVVxJOoPM+8qfLCC/Dqse7mh+Q1k3oo5W5Uzu7vVO+vtc7CUYHxgCDkvekakYHc9407kwWu65ErZw+CPQ==",
      "dependencies": {
        "cross-fetch": "^3.0.6"
      },
      "engines": {
        "node": ">=0.10.3"
      }
    },
    "node_modules/@prismicio/helpers": {
      "version": "1.0.5",
      "resolved": "https://registry.npmjs.org/@prismicio/helpers/-/helpers-1.0.5.tgz",
      "integrity": "sha512-TPpuAFHNxlCTrEihHnRKcq6zc0oZV0sfz5/iHoSpl5vorwPbwZWiF88JGeflNdefW4A69b5A3x3mfptKPdpoxg=="
    },
    "node_modules/@prismicio/richtext": {
      "version": "1.1.0",
      "resolved": "https://registry.npmjs.org/@prismicio/richtext/-/richtext-1.1.0.tgz",
      "integrity": "sha512-925JuFiZiIkwu9jmlR9O/U8xCSZk/Y6BQDXKpavoVsKo+n90ml1hGdtWkglIupX+ITQO1ZINyDgUgiY1oG9dsA=="
    },
    "node_modules/cross-fetch": {
      "version": "3.1.4",
      "resolved": "https://registry.npmjs.org/cross-fetch/-/cross-fetch-3.1.4.tgz",
      "integrity": "sha512-1eAtFWdIubi6T4XPy6ei9iUFoKpUkIF971QLN8lIvvvwueI65+Nw5haMNKUwfJxabqlIIDODJKGrQ66gxC0PbQ==",
      "dependencies": {
        "node-fetch": "2.6.1"
      }
    },
    "node_modules/escape-html": {
      "version": "1.0.3",
      "resolved": "https://registry.npmjs.org/escape-html/-/escape-html-1.0.3.tgz",
      "integrity": "sha1-Aljq5NPQwJdN4cFpGI7wBR0dGYg="
    },
    "node_modules/node-fetch": {
      "version": "2.6.1",
      "resolved": "https://registry.npmjs.org/node-fetch/-/node-fetch-2.6.1.tgz",
      "integrity": "sha512-V4aYg89jEoVRxRb2fJdAg8FHvI7cEyYdVAh94HH0UIK8oJxUfkjlDQN9RbMx+bEjP7+ggMiFRprSti032Oipxw==",
      "engines": {
        "node": "4.x || >=6.0.0"
      }
    },
    "node_modules/prismic-dom": {
      "version": "2.2.6",
      "resolved": "https://registry.npmjs.org/prismic-dom/-/prismic-dom-2.2.6.tgz",
      "integrity": "sha512-b4TDkfNisfRPGBpvUSuHIs3bfCFqc7k9Eek81LM5ReHB8OrzTxYqvC6IukLPVMdxpCGCwbOfNQX4ae+2T0hbrQ==",
      "dependencies": {
        "@prismicio/helpers": "^1.0.4",
        "@prismicio/richtext": "^1.1.0",
        "escape-html": "1.0.3"
      }
    }
  },
  "dependencies": {
    "@prismicio/client": {
      "version": "5.1.0",
      "resolved": "https://registry.npmjs.org/@prismicio/client/-/client-5.1.0.tgz",
      "integrity": "sha512-LCb+arVVxJOoPM+8qfLCC/Dqse7mh+Q1k3oo5W5Uzu7vVO+vtc7CUYHxgCDkvekakYHc9407kwWu65ErZw+CPQ==",
      "requires": {
        "cross-fetch": "^3.0.6"
      }
    },
    "@prismicio/helpers": {
      "version": "1.0.5",
      "resolved": "https://registry.npmjs.org/@prismicio/helpers/-/helpers-1.0.5.tgz",
      "integrity": "sha512-TPpuAFHNxlCTrEihHnRKcq6zc0oZV0sfz5/iHoSpl5vorwPbwZWiF88JGeflNdefW4A69b5A3x3mfptKPdpoxg=="
    },
    "@prismicio/richtext": {
      "version": "1.1.0",
      "resolved": "https://registry.npmjs.org/@prismicio/richtext/-/richtext-1.1.0.tgz",
      "integrity": "sha512-925JuFiZiIkwu9jmlR9O/U8xCSZk/Y6BQDXKpavoVsKo+n90ml1hGdtWkglIupX+ITQO1ZINyDgUgiY1oG9dsA=="
    },
    "cross-fetch": {
      "version": "3.1.4",
      "resolved": "https://registry.npmjs.org/cross-fetch/-/cross-fetch-3.1.4.tgz",
      "integrity": "sha512-1eAtFWdIubi6T4XPy6ei9iUFoKpUkIF971QLN8lIvvvwueI65+Nw5haMNKUwfJxabqlIIDODJKGrQ66gxC0PbQ==",
      "requires": {
        "node-fetch": "2.6.1"
      }
    },
    "escape-html": {
      "version": "1.0.3",
      "resolved": "https://registry.npmjs.org/escape-html/-/escape-html-1.0.3.tgz",
      "integrity": "sha1-Aljq5NPQwJdN4cFpGI7wBR0dGYg="
    },
    "node-fetch": {
      "version": "2.6.1",
      "resolved": "https://registry.npmjs.org/node-fetch/-/node-fetch-2.6.1.tgz",
      "integrity": "sha512-V4aYg89jEoVRxRb2fJdAg8FHvI7cEyYdVAh94HH0UIK8oJxUfkjlDQN9RbMx+bEjP7+ggMiFRprSti032Oipxw=="
    },
    "prismic-dom": {
      "version": "2.2.6",
      "resolved": "https://registry.npmjs.org/prismic-dom/-/prismic-dom-2.2.6.tgz",
      "integrity": "sha512-b4TDkfNisfRPGBpvUSuHIs3bfCFqc7k9Eek81LM5ReHB8OrzTxYqvC6IukLPVMdxpCGCwbOfNQX4ae+2T0hbrQ==",
      "requires": {
        "@prismicio/helpers": "^1.0.4",
        "@prismicio/richtext": "^1.1.0",
        "escape-html": "1.0.3"
      }
    }
  }
}
